<?xml version="1.0" encoding="utf-8"?>
<Project ToolsVersion="4.0" xmlns="http://schemas.microsoft.com/developer/msbuild/2003">
  <ItemGroup>
    <Filter Include="core">
      <UniqueIdentifier>{38282079-c719-4d46-b598-49eb8376db1a}</UniqueIdentifier>
    </Filter>
    <Filter Include="external">
      <UniqueIdentifier>{0825fa5e-9fa2-4b20-b672-6cf2bd07ac95}</UniqueIdentifier>
    </Filter>
    <Filter Include="platform">
      <UniqueIdentifier>{a8a5d215-e4ef-4195-ab96-43711cc73117}</UniqueIdentifier>
    </Filter>
    <Filter Include="application">
      <UniqueIdentifier>{043bf8ef-b007-482b-baab-3477fd353b65}</UniqueIdentifier>
    </Filter>
    <Filter Include="math">
      <UniqueIdentifier>{0701d6e8-79e7-43aa-a41e-6b5653282629}</UniqueIdentifier>
    </Filter>
    <Filter Include="debug">
      <UniqueIdentifier>{27618a98-1c00-4d54-ad5f-7ac4e29450ca}</UniqueIdentifier>
    </Filter>
    <Filter Include="async">
      <UniqueIdentifier>{8c19c708-86b6-4fef-9b58-450d7575db16}</UniqueIdentifier>
    </Filter>
    <Filter Include="async\event">
      <UniqueIdentifier>{2c261b3b-01a8-4b36-8e8b-205985ae5006}</UniqueIdentifier>
    </Filter>
  </ItemGroup>
  <ItemGroup>
    <ClInclude Include="engine\core\util.hpp">
      <Filter>core</Filter>
    </ClInclude>
    <ClInclude Include="engine\pch.h" />
    <ClInclude Include="engine\application\Window.hpp">
      <Filter>application</Filter>
    </ClInclude>
    <ClInclude Include="engine\platform\win.hpp">
      <Filter>platform</Filter>
    </ClInclude>
    <ClInclude Include="engine\math\primitives.hpp">
      <Filter>math</Filter>
    </ClInclude>
    <ClInclude Include="engine\math\util.hpp">
      <Filter>math</Filter>
    </ClInclude>
    <ClInclude Include="engine\application\Input.hpp">
      <Filter>application</Filter>
    </ClInclude>
    <ClInclude Include="engine\core\any_func.hpp">
      <Filter>core</Filter>
    </ClInclude>
    <ClInclude Include="engine\core\closure.hpp">
      <Filter>core</Filter>
    </ClInclude>
    <ClInclude Include="engine\core\vary.hpp">
      <Filter>core</Filter>
    </ClInclude>
    <ClInclude Include="engine\debug\assert.hpp">
      <Filter>core</Filter>
    </ClInclude>
    <ClInclude Include="engine\core\string.hpp">
      <Filter>core</Filter>
    </ClInclude>
    <ClInclude Include="engine\core\traits.hpp">
      <Filter>core</Filter>
    </ClInclude>
    <ClInclude Include="engine\async\event\EventEmitter.hpp">
      <Filter>async\event</Filter>
    </ClInclude>
    <ClInclude Include="engine\async\event\EventListener.hpp">
      <Filter>async\event</Filter>
    </ClInclude>
    <ClInclude Include="engine\async\event\EventTarget.hpp">
      <Filter>async\event</Filter>
    </ClInclude>
    <ClInclude Include="engine\async\event\Observable.hpp">
      <Filter>async\event</Filter>
    </ClInclude>
    <ClInclude Include="engine\application\Application.hpp" />
    <ClInclude Include="engine\graphics\CommandList.hpp" />
    <ClInclude Include="engine\graphics\CommandQueue.hpp" />
    <ClInclude Include="engine\graphics\Device.hpp" />
    <ClInclude Include="engine\graphics\utils.hpp" />
    <ClInclude Include="engine\graphics\d3d12\d3d12Util.hpp" />
    <ClInclude Include="engine\graphics\Buffer.hpp" />
    <ClInclude Include="engine\graphics\Resource.hpp" />
    <ClInclude Include="engine\graphics\Fence.hpp" />
    <ClInclude Include="engine\graphics\Texture.hpp" />
    <ClInclude Include="engine\math\cylic.hpp" />
    <ClInclude Include="engine\graphics\CommandBuffer.hpp" />
    <ClInclude Include="engine\graphics\rgba.hpp" />
    <ClInclude Include="engine\graphics\program\Shader.hpp" />
    <ClInclude Include="engine\core\Blob.hpp" />
    <ClInclude Include="engine\graphics\program\Program.hpp" />
    <ClInclude Include="engine\graphics\program\BindingLayout.hpp" />
    <ClInclude Include="engine\graphics\PipelineState.hpp" />
    <ClInclude Include="engine\graphics\ResourceView.hpp" />
    <ClInclude Include="engine\graphics\program\ResourceBinding.hpp" />
    <ClInclude Include="engine\graphics\Descriptor.hpp" />
    <ClInclude Include="engine\core\Image.hpp" />
    <ClInclude Include="engine\file\utils.hpp" />
    <ClInclude Include="engine\graphics\d3d12\d3dx12.h" />
    <ClInclude Include="external\stb\stb_image.h" />
    <ClInclude Include="engine\framework\Transform.hpp" />
    <ClInclude Include="engine\framework\Camera.hpp" />
    <ClInclude Include="engine\graphics\StructuredBuffer.hpp" />
    <ClInclude Include="engine\graphics\ConstantBuffer.hpp" />
    <ClInclude Include="engine\graphics\model\Mesh.hpp" />
    <ClInclude Include="engine\graphics\model\vertex.hpp" />
    <ClInclude Include="engine\graphics\model\PrimBuilder.hpp" />
    <ClInclude Include="engine\core\Asset.hpp" />
    <ClInclude Include="engine\core\Time.hpp" />
    <ClInclude Include="engine\gui\ImGui.hpp" />
    <ClInclude Include="external\imgui\imconfig.h" />
    <ClInclude Include="external\imgui\imgui.h" />
    <ClInclude Include="external\imgui\imgui_internal.h" />
    <ClInclude Include="external\imgui\imstb_rectpack.h" />
    <ClInclude Include="external\imgui\imstb_textedit.h" />
    <ClInclude Include="external\imgui\imstb_truetype.h" />
    <ClInclude Include="external\imgui\examples\imgui_impl_dx12.h" />
    <ClInclude Include="external\imgui\examples\imgui_impl_win32.h" />
    <ClInclude Include="external\imgui\ImGuizmo.h" />
    <ClInclude Include="engine\graphics\Sampler.hpp" />
    <ClInclude Include="engine\graphics\program\ShaderCompiler.hpp" />
    <ClInclude Include="engine\graphics\program\ShaderSource.hpp" />
    <ClInclude Include="engine\graphics\model\Model.hpp" />
    <ClInclude Include="engine\graphics\model\ModelImporter.hpp" />
    <ClInclude Include="external\assimp\Compiler\poppack1.h" />
    <ClInclude Include="external\assimp\Compiler\pstdint.h" />
    <ClInclude Include="external\assimp\Compiler\pushpack1.h" />
    <ClInclude Include="external\assimp\port\AndroidJNI\AndroidJNIIOSystem.h" />
    <ClInclude Include="external\assimp\ai_assert.h" />
    <ClInclude Include="external\assimp\anim.h" />
    <ClInclude Include="external\assimp\BaseImporter.h" />
    <ClInclude Include="external\assimp\Bitmap.h" />
    <ClInclude Include="external\assimp\BlobIOSystem.h" />
    <ClInclude Include="external\assimp\ByteSwapper.h" />
    <ClInclude Include="external\assimp\camera.h" />
    <ClInclude Include="external\assimp\cexport.h" />
    <ClInclude Include="external\assimp\cfileio.h" />
    <ClInclude Include="external\assimp\cimport.h" />
    <ClInclude Include="external\assimp\color4.h" />
    <ClInclude Include="external\assimp\config.h" />
    <ClInclude Include="external\assimp\CreateAnimMesh.h" />
    <ClInclude Include="external\assimp\DefaultIOStream.h" />
    <ClInclude Include="external\assimp\DefaultIOSystem.h" />
    <ClInclude Include="external\assimp\DefaultLogger.hpp" />
    <ClInclude Include="external\assimp\Defines.h" />
    <ClInclude Include="external\assimp\defs.h" />
    <ClInclude Include="external\assimp\Exceptional.h" />
    <ClInclude Include="external\assimp\Exporter.hpp" />
    <ClInclude Include="external\assimp\fast_atof.h" />
    <ClInclude Include="external\assimp\GenericProperty.h" />
    <ClInclude Include="external\assimp\Hash.h" />
    <ClInclude Include="external\assimp\Importer.hpp" />
    <ClInclude Include="external\assimp\importerdesc.h" />
    <ClInclude Include="external\assimp\IOStream.hpp" />
    <ClInclude Include="external\assimp\IOStreamBuffer.h" />
    <ClInclude Include="external\assimp\IOSystem.hpp" />
    <ClInclude Include="external\assimp\irrXMLWrapper.h" />
    <ClInclude Include="external\assimp\light.h" />
    <ClInclude Include="external\assimp\LineSplitter.h" />
    <ClInclude Include="external\assimp\LogAux.h" />
    <ClInclude Include="external\assimp\Logger.hpp" />
    <ClInclude Include="external\assimp\LogStream.hpp" />
    <ClInclude Include="external\assimp\Macros.h" />
    <ClInclude Include="external\assimp\material.h" />
    <ClInclude Include="external\assimp\MathFunctions.h" />
    <ClInclude Include="external\assimp\matrix3x3.h" />
    <ClInclude Include="external\assimp\matrix4x4.h" />
    <ClInclude Include="external\assimp\MemoryIOWrapper.h" />
    <ClInclude Include="external\assimp\mesh.h" />
    <ClInclude Include="external\assimp\metadata.h" />
    <ClInclude Include="external\assimp\NullLogger.hpp" />
    <ClInclude Include="external\assimp\ParsingUtils.h" />
    <ClInclude Include="external\assimp\pbrmaterial.h" />
    <ClInclude Include="external\assimp\postprocess.h" />
    <ClInclude Include="external\assimp\Profiler.h" />
    <ClInclude Include="external\assimp\ProgressHandler.hpp" />
    <ClInclude Include="external\assimp\qnan.h" />
    <ClInclude Include="external\assimp\quaternion.h" />
    <ClInclude Include="external\assimp\RemoveComments.h" />
    <ClInclude Include="external\assimp\scene.h" />
    <ClInclude Include="external\assimp\SceneCombiner.h" />
    <ClInclude Include="external\assimp\SGSpatialSort.h" />
    <ClInclude Include="external\assimp\SkeletonMeshBuilder.h" />
    <ClInclude Include="external\assimp\SmoothingGroups.h" />
    <ClInclude Include="external\assimp\SpatialSort.h" />
    <ClInclude Include="external\assimp\StandardShapes.h" />
    <ClInclude Include="external\assimp\StreamReader.h" />
    <ClInclude Include="external\assimp\StreamWriter.h" />
    <ClInclude Include="external\assimp\StringComparison.h" />
    <ClInclude Include="external\assimp\StringUtils.h" />
    <ClInclude Include="external\assimp\Subdivision.h" />
    <ClInclude Include="external\assimp\texture.h" />
    <ClInclude Include="external\assimp\TinyFormatter.h" />
    <ClInclude Include="external\assimp\types.h" />
    <ClInclude Include="external\assimp\vector2.h" />
    <ClInclude Include="external\assimp\vector3.h" />
    <ClInclude Include="external\assimp\version.h" />
    <ClInclude Include="external\assimp\Vertex.h" />
    <ClInclude Include="external\assimp\XMLTools.h" />
    <ClInclude Include="external\yaml-cpp\contrib\anchordict.h" />
    <ClInclude Include="external\yaml-cpp\contrib\graphbuilder.h" />
    <ClInclude Include="external\yaml-cpp\node\detail\bool_type.h" />
    <ClInclude Include="external\yaml-cpp\node\detail\impl.h" />
    <ClInclude Include="external\yaml-cpp\node\detail\iterator.h" />
    <ClInclude Include="external\yaml-cpp\node\detail\iterator_fwd.h" />
    <ClInclude Include="external\yaml-cpp\node\detail\memory.h" />
    <ClInclude Include="external\yaml-cpp\node\detail\node.h" />
    <ClInclude Include="external\yaml-cpp\node\detail\node_data.h" />
    <ClInclude Include="external\yaml-cpp\node\detail\node_iterator.h" />
    <ClInclude Include="external\yaml-cpp\node\detail\node_ref.h" />
    <ClInclude Include="external\yaml-cpp\node\convert.h" />
    <ClInclude Include="external\yaml-cpp\node\emit.h" />
    <ClInclude Include="external\yaml-cpp\node\impl.h" />
    <ClInclude Include="external\yaml-cpp\node\iterator.h" />
    <ClInclude Include="external\yaml-cpp\node\node.h" />
    <ClInclude Include="external\yaml-cpp\node\parse.h" />
    <ClInclude Include="external\yaml-cpp\node\ptr.h" />
    <ClInclude Include="external\yaml-cpp\node\type.h" />
    <ClInclude Include="external\yaml-cpp\anchor.h" />
    <ClInclude Include="external\yaml-cpp\binary.h" />
    <ClInclude Include="external\yaml-cpp\dll.h" />
    <ClInclude Include="external\yaml-cpp\emitfromevents.h" />
    <ClInclude Include="external\yaml-cpp\emitter.h" />
    <ClInclude Include="external\yaml-cpp\emitterdef.h" />
    <ClInclude Include="external\yaml-cpp\emittermanip.h" />
    <ClInclude Include="external\yaml-cpp\emitterstyle.h" />
    <ClInclude Include="external\yaml-cpp\eventhandler.h" />
    <ClInclude Include="external\yaml-cpp\exceptions.h" />
    <ClInclude Include="external\yaml-cpp\mark.h" />
    <ClInclude Include="external\yaml-cpp\noncopyable.h" />
    <ClInclude Include="external\yaml-cpp\null.h" />
    <ClInclude Include="external\yaml-cpp\ostream_wrapper.h" />
    <ClInclude Include="external\yaml-cpp\parser.h" />
    <ClInclude Include="external\yaml-cpp\stlemitter.h" />
    <ClInclude Include="external\yaml-cpp\traits.h" />
    <ClInclude Include="external\yaml-cpp\yaml.h" />
    <ClInclude Include="engine\graphics\program\MaterialGraph.hpp" />
    <ClInclude Include="engine\graphics\program\Material.hpp" />
    <ClInclude Include="engine\graphics\program\ShaderReflection.hpp" />
    <ClInclude Include="engine\core\span.hpp" />
    <ClInclude Include="engine\graphics\TopLevelAS.hpp" />
    <ClInclude Include="engine\math\shapes.hpp" />
    <ClInclude Include="engine\debug\log.hpp" />
    <ClInclude Include="engine\scripting\es.hpp" />
    <ClInclude Include="engine\scripting\Script.hpp" />
  </ItemGroup>
  <ItemGroup>
    <ClCompile Include="engine\pch.cpp" />
    <ClCompile Include="engine\core\util.cpp">
      <Filter>core</Filter>
    </ClCompile>
    <ClCompile Include="engine\application\Window.cpp">
      <Filter>application</Filter>
    </ClCompile>
    <ClCompile Include="engine\math\util.cpp">
      <Filter>math</Filter>
    </ClCompile>
    <ClCompile Include="engine\application\Input.cpp">
      <Filter>application</Filter>
    </ClCompile>
    <ClCompile Include="engine\core\any_func.cpp">
      <Filter>core</Filter>
    </ClCompile>
    <ClCompile Include="engine\core\closure.cpp">
      <Filter>core</Filter>
    </ClCompile>
    <ClCompile Include="engine\core\vary.cpp">
      <Filter>core</Filter>
    </ClCompile>
    <ClCompile Include="engine\debug\assert.cpp">
      <Filter>core</Filter>
    </ClCompile>
    <ClCompile Include="engine\core\string.cpp">
      <Filter>core</Filter>
    </ClCompile>
    <ClCompile Include="engine\async\event\EventEmitter.cpp">
      <Filter>async\event</Filter>
    </ClCompile>
    <ClCompile Include="engine\async\event\EventListener.cpp">
      <Filter>async\event</Filter>
    </ClCompile>
    <ClCompile Include="engine\async\event\EventTarget.cpp">
      <Filter>async\event</Filter>
    </ClCompile>
    <ClCompile Include="engine\async\event\Observable.cpp">
      <Filter>async\event</Filter>
    </ClCompile>
    <ClCompile Include="engine\application\Application.cpp" />
    <ClCompile Include="engine\graphics\CommandList.cpp" />
    <ClCompile Include="engine\graphics\CommandQueue.cpp" />
    <ClCompile Include="engine\graphics\Device.cpp" />
    <ClCompile Include="engine\graphics\Buffer.cpp" />
    <ClCompile Include="engine\graphics\Resource.cpp" />
    <ClCompile Include="engine\graphics\d3d12\D3d12Device.cpp" />
    <ClCompile Include="engine\graphics\d3d12\d3d12Util.cpp" />
    <ClCompile Include="engine\graphics\Fence.cpp" />
    <ClCompile Include="engine\graphics\Texture.cpp" />
    <ClCompile Include="engine\graphics\utils.cpp" />
    <ClCompile Include="engine\graphics\d3d12\D3d12CommandQueue.cpp" />
    <ClCompile Include="engine\graphics\d3d12\D3d12Resource.cpp" />
    <ClCompile Include="engine\math\cylic.cpp" />
    <ClCompile Include="engine\graphics\d3d12\D3d12CommandList.cpp" />
    <ClCompile Include="engine\graphics\CommandBuffer.cpp" />
    <ClCompile Include="engine\graphics\d3d12\D3d12CommandBuffer.cpp" />
    <ClCompile Include="engine\graphics\d3d12\D3d12Fence.cpp" />
    <ClCompile Include="engine\graphics\rgba.cpp" />
    <ClCompile Include="engine\graphics\program\Shader.cpp" />
    <ClCompile Include="engine\core\Blob.cpp" />
    <ClCompile Include="engine\graphics\program\Program.cpp" />
    <ClCompile Include="engine\graphics\program\BindingLayout.cpp" />
    <ClCompile Include="engine\graphics\PipelineState.cpp" />
    <ClCompile Include="engine\graphics\ResourceView.cpp" />
    <ClCompile Include="engine\graphics\program\ResourceBinding.cpp" />
    <ClCompile Include="engine\graphics\Descriptor.cpp" />
    <ClCompile Include="engine\graphics\d3d12\D3d12PipelineState.cpp" />
    <ClCompile Include="engine\graphics\d3d12\D3d12Descriptor.cpp" />
    <ClCompile Include="engine\graphics\d3d12\D3d12ResourceView.cpp" />
    <ClCompile Include="engine\core\Image.cpp" />
    <ClCompile Include="engine\file\utils.cpp" />
    <ClCompile Include="external\stb\stb_image.c" />
    <ClCompile Include="engine\graphics\d3d12\D3dResourceBinding.cpp" />
    <ClCompile Include="engine\graphics\d3d12\D3d12Program.cpp" />
    <ClCompile Include="engine\math\primitives.cpp" />
    <ClCompile Include="engine\framework\Transform.cpp" />
    <ClCompile Include="engine\framework\Camera.cpp" />
    <ClCompile Include="engine\graphics\StructuredBuffer.cpp" />
    <ClCompile Include="engine\graphics\ConstantBuffer.cpp" />
    <ClCompile Include="engine\graphics\model\Mesh.cpp" />
    <ClCompile Include="engine\graphics\model\vertex.cpp" />
    <ClCompile Include="engine\graphics\model\PrimBuilder.cpp" />
    <ClCompile Include="engine\core\Asset.cpp" />
    <ClCompile Include="engine\core\Time.cpp" />
    <ClCompile Include="engine\gui\ImGui.cpp" />
    <ClCompile Include="external\imgui\imgui.cpp" />
    <ClCompile Include="external\imgui\imgui_demo.cpp" />
    <ClCompile Include="external\imgui\imgui_draw.cpp" />
    <ClCompile Include="external\imgui\imgui_widgets.cpp" />
    <ClCompile Include="external\imgui\examples\imgui_impl_dx12.cpp" />
    <ClCompile Include="external\imgui\examples\imgui_impl_win32.cpp" />
    <ClCompile Include="external\imgui\ImGuizmo.cpp" />
    <ClCompile Include="engine\graphics\Sampler.cpp" />
    <ClCompile Include="engine\graphics\d3d12\D3d12Sampler.cpp" />
    <ClCompile Include="engine\graphics\program\ShaderCompiler.cpp" />
    <ClCompile Include="engine\graphics\program\ShaderSource.cpp" />
    <ClCompile Include="engine\graphics\model\Model.cpp" />
    <ClCompile Include="engine\graphics\model\ModelImporter.cpp" />
    <ClCompile Include="engine\graphics\program\MaterialGraph.cpp" />
    <ClCompile Include="engine\graphics\program\Material.cpp" />
    <ClCompile Include="engine\graphics\program\ShaderReflection.cpp" />
    <ClCompile Include="engine\graphics\TopLevelAS.cpp" />
    <ClCompile Include="engine\graphics\d3d12\D3d12TopLevelAS.cpp" />
    <ClCompile Include="engine\math\shapes.cpp" />
    <ClCompile Include="engine\debug\log.cpp" />
    <ClCompile Include="engine\scripting\es.cpp" />
    <ClCompile Include="engine\scripting\Script.cpp" />
  </ItemGroup>
  <ItemGroup>
    <FxCompile Include="engine\graphics\shaders\Equirect2Cube_cs.hlsl" />
    <FxCompile Include="engine\graphics\shaders\Blit_cs.hlsl" />
    <FxCompile Include="engine\graphics\shaders\BlitArray_cs.hlsl" />
    <FxCompile Include="engine\graphics\shaders\Shading_vs.hlsl" />
    <FxCompile Include="engine\graphics\shaders\Shading_ps.hlsl" />
  </ItemGroup>
  <ItemGroup>
    <None Include="engine\graphics\shaders\brdf.hlsli" />
    <None Include="engine\graphics\shaders\Random.hlsli" />
    <None Include="engine\graphics\shaders\Common.hlsli" />
    <None Include="engine\graphics\shaders\ShadingModels.hlsli" />
    <None Include="external\v8\build\native\v8-v142-x64.props" />
    <None Include="external\build.props" />
    <None Include="external\assimp\color4.inl" />
    <None Include="external\assimp\material.inl" />
    <None Include="external\assimp\matrix3x3.inl" />
    <None Include="external\assimp\matrix4x4.inl" />
    <None Include="external\assimp\quaternion.inl" />
    <None Include="external\assimp\SmoothingGroups.inl" />
    <None Include="external\assimp\vector2.inl" />
    <None Include="external\assimp\vector3.inl" />
    <None Include="cpp.hint" />
    <None Include="engine\graphics\shaders\MaterialTemplate.hlsli" />
    <None Include="engine\graphics\shaders\IBL.hlsli" />
  </ItemGroup>
</Project>