<?xml version="1.0" encoding="utf-8"?>
<Project ToolsVersion="4.0" xmlns="http://schemas.microsoft.com/developer/msbuild/2003">
  <ItemGroup>
    <Filter Include="core">
      <UniqueIdentifier>{38282079-c719-4d46-b598-49eb8376db1a}</UniqueIdentifier>
    </Filter>
    <Filter Include="external">
      <UniqueIdentifier>{0825fa5e-9fa2-4b20-b672-6cf2bd07ac95}</UniqueIdentifier>
    </Filter>
    <Filter Include="platform">
      <UniqueIdentifier>{a8a5d215-e4ef-4195-ab96-43711cc73117}</UniqueIdentifier>
    </Filter>
    <Filter Include="application">
      <UniqueIdentifier>{043bf8ef-b007-482b-baab-3477fd353b65}</UniqueIdentifier>
    </Filter>
    <Filter Include="math">
      <UniqueIdentifier>{0701d6e8-79e7-43aa-a41e-6b5653282629}</UniqueIdentifier>
    </Filter>
    <Filter Include="debug">
      <UniqueIdentifier>{27618a98-1c00-4d54-ad5f-7ac4e29450ca}</UniqueIdentifier>
    </Filter>
    <Filter Include="async">
      <UniqueIdentifier>{8c19c708-86b6-4fef-9b58-450d7575db16}</UniqueIdentifier>
    </Filter>
    <Filter Include="async\event">
      <UniqueIdentifier>{2c261b3b-01a8-4b36-8e8b-205985ae5006}</UniqueIdentifier>
    </Filter>
  </ItemGroup>
  <ItemGroup>
    <ClInclude Include="engine\core\util.hpp">
      <Filter>core</Filter>
    </ClInclude>
    <ClInclude Include="engine\pch.h" />
    <ClInclude Include="engine\application\Window.hpp">
      <Filter>application</Filter>
    </ClInclude>
    <ClInclude Include="engine\platform\win.hpp">
      <Filter>platform</Filter>
    </ClInclude>
    <ClInclude Include="engine\math\primitives.hpp">
      <Filter>math</Filter>
    </ClInclude>
    <ClInclude Include="engine\math\util.hpp">
      <Filter>math</Filter>
    </ClInclude>
    <ClInclude Include="engine\application\Input.hpp">
      <Filter>application</Filter>
    </ClInclude>
    <ClInclude Include="engine\core\any_func.hpp">
      <Filter>core</Filter>
    </ClInclude>
    <ClInclude Include="engine\core\closure.hpp">
      <Filter>core</Filter>
    </ClInclude>
    <ClInclude Include="engine\core\vary.hpp">
      <Filter>core</Filter>
    </ClInclude>
    <ClInclude Include="engine\debug\assert.hpp">
      <Filter>core</Filter>
    </ClInclude>
    <ClInclude Include="engine\core\string.hpp">
      <Filter>core</Filter>
    </ClInclude>
    <ClInclude Include="engine\core\traits.hpp">
      <Filter>core</Filter>
    </ClInclude>
    <ClInclude Include="engine\async\event\EventEmitter.hpp">
      <Filter>async\event</Filter>
    </ClInclude>
    <ClInclude Include="engine\async\event\EventListener.hpp">
      <Filter>async\event</Filter>
    </ClInclude>
    <ClInclude Include="engine\async\event\EventTarget.hpp">
      <Filter>async\event</Filter>
    </ClInclude>
    <ClInclude Include="engine\async\event\Observable.hpp">
      <Filter>async\event</Filter>
    </ClInclude>
    <ClInclude Include="engine\application\Application.hpp" />
    <ClInclude Include="engine\graphics\CommandList.hpp" />
    <ClInclude Include="engine\graphics\CommandQueue.hpp" />
    <ClInclude Include="engine\graphics\Device.hpp" />
    <ClInclude Include="engine\graphics\utils.hpp" />
    <ClInclude Include="engine\graphics\d3d12\d3d12Util.hpp" />
    <ClInclude Include="engine\graphics\Buffer.hpp" />
    <ClInclude Include="engine\graphics\Resource.hpp" />
    <ClInclude Include="engine\graphics\Fence.hpp" />
    <ClInclude Include="engine\graphics\Texture.hpp" />
    <ClInclude Include="engine\math\cylic.hpp" />
    <ClInclude Include="engine\graphics\CommandBuffer.hpp" />
    <ClInclude Include="engine\graphics\rgba.hpp" />
    <ClInclude Include="engine\graphics\program\Shader.hpp" />
    <ClInclude Include="engine\core\Blob.hpp" />
    <ClInclude Include="engine\graphics\program\Program.hpp" />
    <ClInclude Include="engine\graphics\program\BindingLayout.hpp" />
    <ClInclude Include="engine\graphics\PipelineState.hpp" />
    <ClInclude Include="engine\graphics\ResourceView.hpp" />
    <ClInclude Include="engine\graphics\program\ResourceBinding.hpp" />
    <ClInclude Include="engine\graphics\Descriptor.hpp" />
    <ClInclude Include="engine\core\Image.hpp" />
    <ClInclude Include="engine\file\utils.hpp" />
    <ClInclude Include="engine\graphics\d3d12\d3dx12.h" />
    <ClInclude Include="external\stb\stb_image.h" />
    <ClInclude Include="engine\framework\Transform.hpp" />
    <ClInclude Include="engine\framework\Camera.hpp" />
    <ClInclude Include="engine\graphics\StructuredBuffer.hpp" />
    <ClInclude Include="engine\graphics\ConstantBuffer.hpp" />
    <ClInclude Include="engine\graphics\model\Mesh.hpp" />
    <ClInclude Include="engine\graphics\model\vertex.hpp" />
    <ClInclude Include="engine\graphics\model\PrimBuilder.hpp" />
    <ClInclude Include="engine\core\Asset.hpp" />
    <ClInclude Include="engine\core\Time.hpp" />
  </ItemGroup>
  <ItemGroup>
    <ClCompile Include="engine\pch.cpp" />
    <ClCompile Include="engine\core\util.cpp">
      <Filter>core</Filter>
    </ClCompile>
    <ClCompile Include="engine\application\Window.cpp">
      <Filter>application</Filter>
    </ClCompile>
    <ClCompile Include="engine\math\util.cpp">
      <Filter>math</Filter>
    </ClCompile>
    <ClCompile Include="engine\application\Input.cpp">
      <Filter>application</Filter>
    </ClCompile>
    <ClCompile Include="engine\core\any_func.cpp">
      <Filter>core</Filter>
    </ClCompile>
    <ClCompile Include="engine\core\closure.cpp">
      <Filter>core</Filter>
    </ClCompile>
    <ClCompile Include="engine\core\vary.cpp">
      <Filter>core</Filter>
    </ClCompile>
    <ClCompile Include="engine\debug\assert.cpp">
      <Filter>core</Filter>
    </ClCompile>
    <ClCompile Include="engine\core\string.cpp">
      <Filter>core</Filter>
    </ClCompile>
    <ClCompile Include="engine\async\event\EventEmitter.cpp">
      <Filter>async\event</Filter>
    </ClCompile>
    <ClCompile Include="engine\async\event\EventListener.cpp">
      <Filter>async\event</Filter>
    </ClCompile>
    <ClCompile Include="engine\async\event\EventTarget.cpp">
      <Filter>async\event</Filter>
    </ClCompile>
    <ClCompile Include="engine\async\event\Observable.cpp">
      <Filter>async\event</Filter>
    </ClCompile>
    <ClCompile Include="engine\application\Application.cpp" />
    <ClCompile Include="engine\graphics\CommandList.cpp" />
    <ClCompile Include="engine\graphics\CommandQueue.cpp" />
    <ClCompile Include="engine\graphics\Device.cpp" />
    <ClCompile Include="engine\graphics\Buffer.cpp" />
    <ClCompile Include="engine\graphics\Resource.cpp" />
    <ClCompile Include="engine\graphics\d3d12\D3d12Device.cpp" />
    <ClCompile Include="engine\graphics\d3d12\d3d12Util.cpp" />
    <ClCompile Include="engine\graphics\Fence.cpp" />
    <ClCompile Include="engine\graphics\Texture.cpp" />
    <ClCompile Include="engine\graphics\utils.cpp" />
    <ClCompile Include="engine\graphics\d3d12\D3d12CommandQueue.cpp" />
    <ClCompile Include="engine\graphics\d3d12\D3d12Resource.cpp" />
    <ClCompile Include="engine\math\cylic.cpp" />
    <ClCompile Include="engine\graphics\d3d12\D3d12CommandList.cpp" />
    <ClCompile Include="engine\graphics\CommandBuffer.cpp" />
    <ClCompile Include="engine\graphics\d3d12\D3d12CommandBuffer.cpp" />
    <ClCompile Include="engine\graphics\d3d12\D3d12Fence.cpp" />
    <ClCompile Include="engine\graphics\rgba.cpp" />
    <ClCompile Include="engine\graphics\program\Shader.cpp" />
    <ClCompile Include="engine\core\Blob.cpp" />
    <ClCompile Include="engine\graphics\program\Program.cpp" />
    <ClCompile Include="engine\graphics\program\BindingLayout.cpp" />
    <ClCompile Include="engine\graphics\PipelineState.cpp" />
    <ClCompile Include="engine\graphics\ResourceView.cpp" />
    <ClCompile Include="engine\graphics\program\ResourceBinding.cpp" />
    <ClCompile Include="engine\graphics\Descriptor.cpp" />
    <ClCompile Include="engine\graphics\d3d12\D3d12PipelineState.cpp" />
    <ClCompile Include="engine\graphics\d3d12\D3d12Descriptor.cpp" />
    <ClCompile Include="engine\graphics\d3d12\D3d12ResourceView.cpp" />
    <ClCompile Include="engine\core\Image.cpp" />
    <ClCompile Include="engine\file\utils.cpp" />
    <ClCompile Include="external\stb\stb_image.c" />
    <ClCompile Include="engine\graphics\d3d12\D3dResourceBinding.cpp" />
    <ClCompile Include="engine\graphics\d3d12\D3d12Program.cpp" />
    <ClCompile Include="engine\math\primitives.cpp" />
    <ClCompile Include="engine\framework\Transform.cpp" />
    <ClCompile Include="engine\framework\Camera.cpp" />
    <ClCompile Include="engine\graphics\StructuredBuffer.cpp" />
    <ClCompile Include="engine\graphics\ConstantBuffer.cpp" />
    <ClCompile Include="engine\graphics\model\Mesh.cpp" />
    <ClCompile Include="engine\graphics\model\vertex.cpp" />
    <ClCompile Include="engine\graphics\model\PrimBuilder.cpp" />
    <ClCompile Include="engine\core\Asset.cpp" />
    <ClCompile Include="engine\core\Time.cpp" />
  </ItemGroup>
</Project>